
Microsoft Visual Studio Solution File, Format Version 12.00
# Visual Studio 15
VisualStudioVersion = 15.0.27004.2002
MinimumVisualStudioVersion = 10.0.40219.1
Project("{FAE04EC0-301F-11D3-BF4B-00C04F79EFBC}") = "RtpDownloader", "RtpDownloader\RtpDownloader.csproj", "{EA695D8A-A2A0-4D97-B7D4-E841EFAF64E6}"
EndProject
Global
	GlobalSection(SolutionConfigurationPlatforms) = preSolution
		Debug|Any CPU = Debug|Any CPU
		Release|Any CPU = Release|Any CPU
	EndGlobalSection
	GlobalSection(ProjectConfigurationPlatforms) = postSolution
		{EA695D8A-A2A0-4D97-B7D4-E841EFAF64E6}.Debug|Any CPU.ActiveCfg = Debug|Any CPU
		{EA695D8A-A2A0-4D97-B7D4-E841EFAF64E6}.Debug|Any CPU.Build.0 = Debug|Any CPU
		{EA695D8A-A2A0-4D97-B7D4-E841EFAF64E6}.Release|Any CPU.ActiveCfg = Release|Any CPU
		{EA695D8A-A2A0-4D97-B7D4-E841EFAF64E6}.Release|Any CPU.Build.0 = Release|Any CPU
	EndGlobalSection
	GlobalSection(SolutionProperties) = preSolution
		HideSolutionNode = FALSE
	EndGlobalSection
	GlobalSection(ExtensibilityGlobals) = postSolution
		SolutionGuid = {EAD64FEA-581A-47F5-B540-5AA0396B36F8}
	EndGlobalSection
EndGlobal
